// !$*UTF8*$!
{
	archiveVersion = 1;
	classes = {
	};
	objectVersion = 50;
	objects = {

/* Begin PBXBuildFile section */
		D82B27D92258CF6900F3F0AB /* AppDelegate.swift in Sources */ = {isa = PBXBuildFile; fileRef = D82B27D82258CF6900F3F0AB /* AppDelegate.swift */; };
		D82B27DB2258CF6900F3F0AB /* ViewController.swift in Sources */ = {isa = PBXBuildFile; fileRef = D82B27DA2258CF6900F3F0AB /* ViewController.swift */; };
		D82B27DE2258CF6900F3F0AB /* Main.storyboard in Resources */ = {isa = PBXBuildFile; fileRef = D82B27DC2258CF6900F3F0AB /* Main.storyboard */; };
		D82B27E02258CF6900F3F0AB /* Assets.xcassets in Resources */ = {isa = PBXBuildFile; fileRef = D82B27DF2258CF6900F3F0AB /* Assets.xcassets */; };
		D82B27E32258CF6900F3F0AB /* LaunchScreen.storyboard in Resources */ = {isa = PBXBuildFile; fileRef = D82B27E12258CF6900F3F0AB /* LaunchScreen.storyboard */; };
		D82B27EB2258CFE800F3F0AB /* StretchyCollectionViewController.swift in Sources */ = {isa = PBXBuildFile; fileRef = D82B27EA2258CFE800F3F0AB /* StretchyCollectionViewController.swift */; };
		D82B27ED2258D1D100F3F0AB /* HeaderView.swift in Sources */ = {isa = PBXBuildFile; fileRef = D82B27EC2258D1D100F3F0AB /* HeaderView.swift */; };
		D82B27EF2258D88400F3F0AB /* StretchyHeaderLayout.swift in Sources */ = {isa = PBXBuildFile; fileRef = D82B27EE2258D88400F3F0AB /* StretchyHeaderLayout.swift */; };
/* End PBXBuildFile section */

/* Begin PBXFileReference section */
		D82B27D52258CF6900F3F0AB /* Stretchy.app */ = {isa = PBXFileReference; explicitFileType = wrapper.application; includeInIndex = 0; path = Stretchy.app; sourceTree = BUILT_PRODUCTS_DIR; };
		D82B27D82258CF6900F3F0AB /* AppDelegate.swift */ = {isa = PBXFileReference; lastKnownFileType = sourcecode.swift; path = AppDelegate.swift; sourceTree = "<group>"; };
		D82B27DA2258CF6900F3F0AB /* ViewController.swift */ = {isa = PBXFileReference; lastKnownFileType = sourcecode.swift; path = ViewController.swift; sourceTree = "<group>"; };
		D82B27DD2258CF6900F3F0AB /* Base */ = {isa = PBXFileReference; lastKnownFileType = file.storyboard; name = Base; path = Base.lproj/Main.storyboard; sourceTree = "<group>"; };
		D82B27DF2258CF6900F3F0AB /* Assets.xcassets */ = {isa = PBXFileReference; lastKnownFileType = folder.assetcatalog; path = Assets.xcassets; sourceTree = "<group>"; };
		D82B27E22258CF6900F3F0AB /* Base */ = {isa = PBXFileReference; lastKnownFileType = file.storyboard; name = Base; path = Base.lproj/LaunchScreen.storyboard; sourceTree = "<group>"; };
		D82B27E42258CF6900F3F0AB /* Info.plist */ = {isa = PBXFileReference; lastKnownFileType = text.plist.xml; path = Info.plist; sourceTree = "<group>"; };
		D82B27EA2258CFE800F3F0AB /* StretchyCollectionViewController.swift */ = {isa = PBXFileReference; lastKnownFileType = sourcecode.swift; path = StretchyCollectionViewController.swift; sourceTree = "<group>"; };
		D82B27EC2258D1D100F3F0AB /* HeaderView.swift */ = {isa = PBXFileReference; lastKnownFileType = sourcecode.swift; path = HeaderView.swift; sourceTree = "<group>"; };
		D82B27EE2258D88400F3F0AB /* StretchyHeaderLayout.swift */ = {isa = PBXFileReference; lastKnownFileType = sourcecode.swift; path = StretchyHeaderLayout.swift; sourceTree = "<group>"; };
/* End PBXFileReference section */

/* Begin PBXFrameworksBuildPhase section */
		D82B27D22258CF6900F3F0AB /* Frameworks */ = {
			isa = PBXFrameworksBuildPhase;
			buildActionMask = 2147483647;
			files = (
			);
			runOnlyForDeploymentPostprocessing = 0;
		};
/* End PBXFrameworksBuildPhase section */

/* Begin PBXGroup section */
		D82B27CC2258CF6800F3F0AB = {
			isa = PBXGroup;
			children = (
				D82B27D72258CF6900F3F0AB /* Stretchy */,
				D82B27D62258CF6900F3F0AB /* Products */,
			);
			sourceTree = "<group>";
		};
		D82B27D62258CF6900F3F0AB /* Products */ = {
			isa = PBXGroup;
			children = (
				D82B27D52258CF6900F3F0AB /* Stretchy.app */,
			);
			name = Products;
			sourceTree = "<group>";
		};
		D82B27D72258CF6900F3F0AB /* Stretchy */ = {
			isa = PBXGroup;
			children = (
				D82B27D82258CF6900F3F0AB /* AppDelegate.swift */,
				D82B27DA2258CF6900F3F0AB /* ViewController.swift */,
				D82B27EA2258CFE800F3F0AB /* StretchyCollectionViewController.swift */,
				D82B27EE2258D88400F3F0AB /* StretchyHeaderLayout.swift */,
				D82B27EC2258D1D100F3F0AB /* HeaderView.swift */,
				D82B27DC2258CF6900F3F0AB /* Main.storyboard */,
				D82B27DF2258CF6900F3F0AB /* Assets.xcassets */,
				D82B27E12258CF6900F3F0AB /* LaunchScreen.storyboard */,
				D82B27E42258CF6900F3F0AB /* Info.plist */,
			);
			path = Stretchy;
			sourceTree = "<group>";
		};
/* End PBXGroup section */

/* Begin PBXNativeTarget section */
		D82B27D42258CF6900F3F0AB /* Stretchy */ = {
			isa = PBXNativeTarget;
			buildConfigurationList = D82B27E72258CF6900F3F0AB /* Build configuration list for PBXNativeTarget "Stretchy" */;
			buildPhases = (
				D82B27D12258CF6900F3F0AB /* Sources */,
				D82B27D22258CF6900F3F0AB /* Frameworks */,
				D82B27D32258CF6900F3F0AB /* Resources */,
			);
			buildRules = (
			);
			dependencies = (
			);
			name = Stretchy;
			productName = Stretchy;
			productReference = D82B27D52258CF6900F3F0AB /* Stretchy.app */;
			productType = "com.apple.product-type.application";
		};
/* End PBXNativeTarget section */

/* Begin PBXProject section */
		D82B27CD2258CF6900F3F0AB /* Project object */ = {
			isa = PBXProject;
			attributes = {
				LastSwiftUpdateCheck = 1010;
				LastUpgradeCheck = 1010;
				ORGANIZATIONNAME = nathan;
				TargetAttributes = {
					D82B27D42258CF6900F3F0AB = {
						CreatedOnToolsVersion = 10.1;
					};
				};
			};
			buildConfigurationList = D82B27D02258CF6900F3F0AB /* Build configuration list for PBXProject "Stretchy" */;
			compatibilityVersion = "Xcode 9.3";
			developmentRegion = en;
			hasScannedForEncodings = 0;
			knownRegions = (
				en,
				Base,
			);
			mainGroup = D82B27CC2258CF6800F3F0AB;
			productRefGroup = D82B27D62258CF6900F3F0AB /* Products */;
			projectDirPath = "";
			projectRoot = "";
			targets = (
				D82B27D42258CF6900F3F0AB /* Stretchy */,
			);
		};
/* End PBXProject section */

/* Begin PBXResourcesBuildPhase section */
		D82B27D32258CF6900F3F0AB /* Resources */ = {
			isa = PBXResourcesBuildPhase;
			buildActionMask = 2147483647;
			files = (
				D82B27E32258CF6900F3F0AB /* LaunchScreen.storyboard in Resources */,
				D82B27E02258CF6900F3F0AB /* Assets.xcassets in Resources */,
				D82B27DE2258CF6900F3F0AB /* Main.storyboard in Resources */,
			);
			runOnlyForDeploymentPostprocessing = 0;
		};
/* End PBXResourcesBuildPhase section */

/* Begin PBXSourcesBuildPhase section */
		D82B27D12258CF6900F3F0AB /* Sources */ = {
			isa = PBXSourcesBuildPhase;
			buildActionMask = 2147483647;
			files = (
				D82B27EB2258CFE800F3F0AB /* StretchyCollectionViewController.swift in Sources */,
				D82B27DB2258CF6900F3F0AB /* ViewController.swift in Sources */,
				D82B27D92258CF6900F3F0AB /* AppDelegate.swift in Sources */,
				D82B27EF2258D88400F3F0AB /* StretchyHeaderLayout.swift in Sources */,
				D82B27ED2258D1D100F3F0AB /* HeaderView.swift in Sources */,
			);
			runOnlyForDeploymentPostprocessing = 0;
		};
/* End PBXSourcesBuildPhase section */

/* Begin PBXVariantGroup section */
		D82B27DC2258CF6900F3F0AB /* Main.storyboard */ = {
			isa = PBXVariantGroup;
			children = (
				D82B27DD2258CF6900F3F0AB /* Base */,
			);
			name = Main.storyboard;
			sourceTree = "<group>";
		};
		D82B27E12258CF6900F3F0AB /* LaunchScreen.storyboard */ = {
			isa = PBXVariantGroup;
			children = (
				D82B27E22258CF6900F3F0AB /* Base */,
			);
			name = LaunchScreen.storyboard;
			sourceTree = "<group>";
		};
/* End PBXVariantGroup section */

/* Begin XCBuildConfiguration section */
		D82B27E52258CF6900F3F0AB /* Debug */ = {
			isa = XCBuildConfiguration;
			buildSettings = {
				ALWAYS_SEARCH_USER_PATHS = NO;
				CLANG_ANALYZER_NONNULL = YES;
				CLANG_ANALYZER_NUMBER_OBJECT_CONVERSION = YES_AGGRESSIVE;
				CLANG_CXX_LANGUAGE_STANDARD = "gnu++14";
				CLANG_CXX_LIBRARY = "libc++";
				CLANG_ENABLE_MODULES = YES;
				CLANG_ENABLE_OBJC_ARC = YES;
				CLANG_ENABLE_OBJC_WEAK = YES;
				CLANG_WARN_BLOCK_CAPTURE_AUTORELEASING = YES;
				CLANG_WARN_BOOL_CONVERSION = YES;
				CLANG_WARN_COMMA = YES;
				CLANG_WARN_CONSTANT_CONVERSION = YES;
				CLANG_WARN_DEPRECATED_OBJC_IMPLEMENTATIONS = YES;
				CLANG_WARN_DIRECT_OBJC_ISA_USAGE = YES_ERROR;
				CLANG_WARN_DOCUMENTATION_COMMENTS = YES;
				CLANG_WARN_EMPTY_BODY = YES;
				CLANG_WARN_ENUM_CONVERSION = YES;
				CLANG_WARN_INFINITE_RECURSION = YES;
				CLANG_WARN_INT_CONVERSION = YES;
				CLANG_WARN_NON_LITERAL_NULL_CONVERSION = YES;
				CLANG_WARN_OBJC_IMPLICIT_RETAIN_SELF = YES;
				CLANG_WARN_OBJC_LITERAL_CONVERSION = YES;
				CLANG_WARN_OBJC_ROOT_CLASS = YES_ERROR;
				CLANG_WARN_RANGE_LOOP_ANALYSIS = YES;
				CLANG_WARN_STRICT_PROTOTYPES = YES;
				CLANG_WARN_SUSPICIOUS_MOVE = YES;
				CLANG_WARN_UNGUARDED_AVAILABILITY = YES_AGGRESSIVE;
				CLANG_WARN_UNREACHABLE_CODE = YES;
				CLANG_WARN__DUPLICATE_METHOD_MATCH = YES;
				CODE_SIGN_IDENTITY = "iPhone Developer";
				COPY_PHASE_STRIP = NO;
				DEBUG_INFORMATION_FORMAT = dwarf;
				ENABLE_STRICT_OBJC_MSGSEND = YES;
				ENABLE_TESTABILITY = YES;
				GCC_C_LANGUAGE_STANDARD = gnu11;
				GCC_DYNAMIC_NO_PIC = NO;
				GCC_NO_COMMON_BLOCKS = YES;
				GCC_OPTIMIZATION_LEVEL = 0;
				GCC_PREPROCESSOR_DEFINITIONS = (
					"DEBUG=1",
					"$(inherited)",
				);
				GCC_WARN_64_TO_32_BIT_CONVERSION = YES;
				GCC_WARN_ABOUT_RETURN_TYPE = YES_ERROR;
				GCC_WARN_UNDECLARED_SELECTOR = YES;
				GCC_WARN_UNINITIALIZED_AUTOS = YES_AGGRESSIVE;
				GCC_WARN_UNUSED_FUNCTION = YES;
				GCC_WARN_UNUSED_VARIABLE = YES;
				IPHONEOS_DEPLOYMENT_TARGET = 12.1;
				MTL_ENABLE_DEBUG_INFO = INCLUDE_SOURCE;
				MTL_FAST_MATH = YES;
				ONLY_ACTIVE_ARCH = YES;
				SDKROOT = iphoneos;
				SWIFT_ACTIVE_COMPILATION_CONDITIONS = DEBUG;
				SWIFT_OPTIMIZATION_LEVEL = "-Onone";
			};
			name = Debug;
		};
		D82B27E62258CF6900F3F0AB /* Release */ = {
			isa = XCBuildConfiguration;
			buildSettings = {
				ALWAYS_SEARCH_USER_PATHS = NO;
				CLANG_ANALYZER_NONNULL = YES;
				CLANG_ANALYZER_NUMBER_OBJECT_CONVERSION = YES_AGGRESSIVE;
				CLANG_CXX_LANGUAGE_STANDARD = "gnu++14";
				CLANG_CXX_LIBRARY = "libc++";
				CLANG_ENABLE_MODULES = YES;
				CLANG_ENABLE_OBJC_ARC = YES;
				CLANG_ENABLE_OBJC_WEAK = YES;
				CLANG_WARN_BLOCK_CAPTURE_AUTORELEASING = YES;
				CLANG_WARN_BOOL_CONVERSION = YES;
				CLANG_WARN_COMMA = YES;
				CLANG_WARN_CONSTANT_CONVERSION = YES;
				CLANG_WARN_DEPRECATED_OBJC_IMPLEMENTATIONS = YES;
				CLANG_WARN_DIRECT_OBJC_ISA_USAGE = YES_ERROR;
				CLANG_WARN_DOCUMENTATION_COMMENTS = YES;
				CLANG_WARN_EMPTY_BODY = YES;
				CLANG_WARN_ENUM_CONVERSION = YES;
				CLANG_WARN_INFINITE_RECURSION = YES;
				CLANG_WARN_INT_CONVERSION = YES;
				CLANG_WARN_NON_LITERAL_NULL_CONVERSION = YES;
				CLANG_WARN_OBJC_IMPLICIT_RETAIN_SELF = YES;
				CLANG_WARN_OBJC_LITERAL_CONVERSION = YES;
				CLANG_WARN_OBJC_ROOT_CLASS = YES_ERROR;
				CLANG_WARN_RANGE_LOOP_ANALYSIS = YES;
				CLANG_WARN_STRICT_PROTOTYPES = YES;
				CLANG_WARN_SUSPICIOUS_MOVE = YES;
				CLANG_WARN_UNGUARDED_AVAILABILITY = YES_AGGRESSIVE;
				CLANG_WARN_UNREACHABLE_CODE = YES;
				CLANG_WARN__DUPLICATE_METHOD_MATCH = YES;
				CODE_SIGN_IDENTITY = "iPhone Developer";
				COPY_PHASE_STRIP = NO;
				DEBUG_INFORMATION_FORMAT = "dwarf-with-dsym";
				ENABLE_NS_ASSERTIONS = NO;
				ENABLE_STRICT_OBJC_MSGSEND = YES;
				GCC_C_LANGUAGE_STANDARD = gnu11;
				GCC_NO_COMMON_BLOCKS = YES;
				GCC_WARN_64_TO_32_BIT_CONVERSION = YES;
				GCC_WARN_ABOUT_RETURN_TYPE = YES_ERROR;
				GCC_WARN_UNDECLARED_SELECTOR = YES;
				GCC_WARN_UNINITIALIZED_AUTOS = YES_AGGRESSIVE;
				GCC_WARN_UNUSED_FUNCTION = YES;
				GCC_WARN_UNUSED_VARIABLE = YES;
				IPHONEOS_DEPLOYMENT_TARGET = 12.1;
				MTL_ENABLE_DEBUG_INFO = NO;
				MTL_FAST_MATH = YES;
				SDKROOT = iphoneos;
				SWIFT_COMPILATION_MODE = wholemodule;
				SWIFT_OPTIMIZATION_LEVEL = "-O";
				VALIDATE_PRODUCT = YES;
			};
			name = Release;
		};
		D82B27E82258CF6900F3F0AB /* Debug */ = {
			isa = XCBuildConfiguration;
			buildSettings = {
				ASSETCATALOG_COMPILER_APPICON_NAME = AppIcon;
				CODE_SIGN_STYLE = Automatic;
				DEVELOPMENT_TEAM = 668Y52FT74;
				INFOPLIST_FILE = Stretchy/Info.plist;
				LD_RUNPATH_SEARCH_PATHS = (
					"$(inherited)",
					"@executable_path/Frameworks",
				);
				PRODUCT_BUNDLE_IDENTIFIER = com.youbo.Stretchy;
				PRODUCT_NAME = "$(TARGET_NAME)";
				SWIFT_VERSION = 4.2;
				TARGETED_DEVICE_FAMILY = "1,2";
			};
			name = Debug;
		};
		D82B27E92258CF6900F3F0AB /* Release */ = {
			isa = XCBuildConfiguration;
			buildSettings = {
				ASSETCATALOG_COMPILER_APPICON_NAME = AppIcon;
				CODE_SIGN_STYLE = Automatic;
				DEVELOPMENT_TEAM = 668Y52FT74;
				INFOPLIST_FILE = Stretchy/Info.plist;
				LD_RUNPATH_SEARCH_PATHS = (
					"$(inherited)",
					"@executable_path/Frameworks",
				);
				PRODUCT_BUNDLE_IDENTIFIER = com.youbo.Stretchy;
				PRODUCT_NAME = "$(TARGET_NAME)";
				SWIFT_VERSION = 4.2;
				TARGETED_DEVICE_FAMILY = "1,2";
			};
			name = Release;
		};
/* End XCBuildConfiguration section */

/* Begin XCConfigurationList section */
		D82B27D02258CF6900F3F0AB /* Build configuration list for PBXProject "Stretchy" */ = {
			isa = XCConfigurationList;
			buildConfigurations = (
				D82B27E52258CF6900F3F0AB /* Debug */,
				D82B27E62258CF6900F3F0AB /* Release */,
			);
			defaultConfigurationIsVisible = 0;
			defaultConfigurationName = Release;
		};
		D82B27E72258CF6900F3F0AB /* Build configuration list for PBXNativeTarget "Stretchy" */ = {
			isa = XCConfigurationList;
			buildConfigurations = (
				D82B27E82258CF6900F3F0AB /* Debug */,
				D82B27E92258CF6900F3F0AB /* Release */,
			);
			defaultConfigurationIsVisible = 0;
			defaultConfigurationName = Release;
		};
/* End XCConfigurationList section */
	};
	rootObject = D82B27CD2258CF6900F3F0AB /* Project object */;
}
